// !$*UTF8*$!
{
	archiveVersion = 1;
	classes = {
	};
	objectVersion = 56;
	objects = {

/* Begin PBXBuildFile section */
		2300BBC62B7E92B900C3148A /* FloatingLabelInput.swift in Sources */ = {isa = PBXBuildFile; fileRef = 2300BBC52B7E92B900C3148A /* FloatingLabelInput.swift */; };
		2300BBC92B7E94EC00C3148A /* SkyFloatingLabelTextField in Frameworks */ = {isa = PBXBuildFile; productRef = 2300BBC82B7E94EC00C3148A /* SkyFloatingLabelTextField */; };
		232D58E82B7ADB1300E690B0 /* DGCharts in Frameworks */ = {isa = PBXBuildFile; productRef = 232D58E72B7ADB1300E690B0 /* DGCharts */; };
		232D58EA2B7ADB1300E690B0 /* DGChartsDynamic in Frameworks */ = {isa = PBXBuildFile; productRef = 232D58E92B7ADB1300E690B0 /* DGChartsDynamic */; };
		235415DA2B75C6B9006330B0 /* IQKeyboardManagerSwift in Frameworks */ = {isa = PBXBuildFile; productRef = 235415D92B75C6B8006330B0 /* IQKeyboardManagerSwift */; };
		235CEC5F2B6F22F300F8353E /* TrendsViewController.swift in Sources */ = {isa = PBXBuildFile; fileRef = 235CEC5E2B6F22F300F8353E /* TrendsViewController.swift */; };
		235CEC612B6F233800F8353E /* MethodologyViewController.swift in Sources */ = {isa = PBXBuildFile; fileRef = 235CEC602B6F233800F8353E /* MethodologyViewController.swift */; };
		235CEC642B6F246C00F8353E /* K.swift in Sources */ = {isa = PBXBuildFile; fileRef = 235CEC632B6F246C00F8353E /* K.swift */; };
		235DC8B92B6DC1DA00D5AF4F /* AppDelegate.swift in Sources */ = {isa = PBXBuildFile; fileRef = 235DC8B82B6DC1DA00D5AF4F /* AppDelegate.swift */; };
		235DC8BB2B6DC1DA00D5AF4F /* SceneDelegate.swift in Sources */ = {isa = PBXBuildFile; fileRef = 235DC8BA2B6DC1DA00D5AF4F /* SceneDelegate.swift */; };
		235DC8BD2B6DC1DA00D5AF4F /* MeasureViewController.swift in Sources */ = {isa = PBXBuildFile; fileRef = 235DC8BC2B6DC1DA00D5AF4F /* MeasureViewController.swift */; };
		235DC8C02B6DC1DA00D5AF4F /* Main.storyboard in Resources */ = {isa = PBXBuildFile; fileRef = 235DC8BE2B6DC1DA00D5AF4F /* Main.storyboard */; };
		235DC8C22B6DC1DB00D5AF4F /* Assets.xcassets in Resources */ = {isa = PBXBuildFile; fileRef = 235DC8C12B6DC1DB00D5AF4F /* Assets.xcassets */; };
		235DC8C52B6DC1DB00D5AF4F /* LaunchScreen.storyboard in Resources */ = {isa = PBXBuildFile; fileRef = 235DC8C32B6DC1DB00D5AF4F /* LaunchScreen.storyboard */; };
		2384547B2B7859EC00F86F49 /* Realm in Frameworks */ = {isa = PBXBuildFile; productRef = 2384547A2B7859EC00F86F49 /* Realm */; };
		2384547D2B7859EC00F86F49 /* RealmSwift in Frameworks */ = {isa = PBXBuildFile; productRef = 2384547C2B7859EC00F86F49 /* RealmSwift */; };
		2384547F2B785ACA00F86F49 /* UserData.swift in Sources */ = {isa = PBXBuildFile; fileRef = 2384547E2B785ACA00F86F49 /* UserData.swift */; };
		23EBCA512B716E8F00E74F8E /* CalculatorModel.swift in Sources */ = {isa = PBXBuildFile; fileRef = 23EBCA502B716E8F00E74F8E /* CalculatorModel.swift */; };
/* End PBXBuildFile section */

/* Begin PBXFileReference section */
		2300BBC52B7E92B900C3148A /* FloatingLabelInput.swift */ = {isa = PBXFileReference; fileEncoding = 4; lastKnownFileType = sourcecode.swift; path = FloatingLabelInput.swift; sourceTree = "<group>"; };
		235CEC5E2B6F22F300F8353E /* TrendsViewController.swift */ = {isa = PBXFileReference; lastKnownFileType = sourcecode.swift; path = TrendsViewController.swift; sourceTree = "<group>"; };
		235CEC602B6F233800F8353E /* MethodologyViewController.swift */ = {isa = PBXFileReference; lastKnownFileType = sourcecode.swift; path = MethodologyViewController.swift; sourceTree = "<group>"; };
		235CEC632B6F246C00F8353E /* K.swift */ = {isa = PBXFileReference; lastKnownFileType = sourcecode.swift; path = K.swift; sourceTree = "<group>"; };
		235DC8B52B6DC1DA00D5AF4F /* FFMI Calculator.app */ = {isa = PBXFileReference; explicitFileType = wrapper.application; includeInIndex = 0; path = "FFMI Calculator.app"; sourceTree = BUILT_PRODUCTS_DIR; };
		235DC8B82B6DC1DA00D5AF4F /* AppDelegate.swift */ = {isa = PBXFileReference; lastKnownFileType = sourcecode.swift; path = AppDelegate.swift; sourceTree = "<group>"; };
		235DC8BA2B6DC1DA00D5AF4F /* SceneDelegate.swift */ = {isa = PBXFileReference; lastKnownFileType = sourcecode.swift; path = SceneDelegate.swift; sourceTree = "<group>"; };
		235DC8BC2B6DC1DA00D5AF4F /* MeasureViewController.swift */ = {isa = PBXFileReference; lastKnownFileType = sourcecode.swift; path = MeasureViewController.swift; sourceTree = "<group>"; };
		235DC8BF2B6DC1DA00D5AF4F /* Base */ = {isa = PBXFileReference; lastKnownFileType = file.storyboard; name = Base; path = Base.lproj/Main.storyboard; sourceTree = "<group>"; };
		235DC8C12B6DC1DB00D5AF4F /* Assets.xcassets */ = {isa = PBXFileReference; lastKnownFileType = folder.assetcatalog; path = Assets.xcassets; sourceTree = "<group>"; };
		235DC8C42B6DC1DB00D5AF4F /* Base */ = {isa = PBXFileReference; lastKnownFileType = file.storyboard; name = Base; path = Base.lproj/LaunchScreen.storyboard; sourceTree = "<group>"; };
		235DC8C62B6DC1DB00D5AF4F /* Info.plist */ = {isa = PBXFileReference; lastKnownFileType = text.plist.xml; path = Info.plist; sourceTree = "<group>"; };
		2384547E2B785ACA00F86F49 /* UserData.swift */ = {isa = PBXFileReference; lastKnownFileType = sourcecode.swift; path = UserData.swift; sourceTree = "<group>"; };
		23EBCA502B716E8F00E74F8E /* CalculatorModel.swift */ = {isa = PBXFileReference; lastKnownFileType = sourcecode.swift; path = CalculatorModel.swift; sourceTree = "<group>"; };
/* End PBXFileReference section */

/* Begin PBXFrameworksBuildPhase section */
		235DC8B22B6DC1DA00D5AF4F /* Frameworks */ = {
			isa = PBXFrameworksBuildPhase;
			buildActionMask = 2147483647;
			files = (
				232D58E82B7ADB1300E690B0 /* DGCharts in Frameworks */,
				2384547D2B7859EC00F86F49 /* RealmSwift in Frameworks */,
				2384547B2B7859EC00F86F49 /* Realm in Frameworks */,
				232D58EA2B7ADB1300E690B0 /* DGChartsDynamic in Frameworks */,
				235415DA2B75C6B9006330B0 /* IQKeyboardManagerSwift in Frameworks */,
				2300BBC92B7E94EC00C3148A /* SkyFloatingLabelTextField in Frameworks */,
			);
			runOnlyForDeploymentPostprocessing = 0;
		};
/* End PBXFrameworksBuildPhase section */

/* Begin PBXGroup section */
		235CEC622B6F244D00F8353E /* Model */ = {
			isa = PBXGroup;
			children = (
				235CEC632B6F246C00F8353E /* K.swift */,
				23EBCA502B716E8F00E74F8E /* CalculatorModel.swift */,
				2384547E2B785ACA00F86F49 /* UserData.swift */,
				2300BBC52B7E92B900C3148A /* FloatingLabelInput.swift */,
			);
			path = Model;
			sourceTree = "<group>";
		};
		235DC8AC2B6DC1DA00D5AF4F = {
			isa = PBXGroup;
			children = (
				235DC8B72B6DC1DA00D5AF4F /* FFMI Calculator */,
				235DC8B62B6DC1DA00D5AF4F /* Products */,
			);
			sourceTree = "<group>";
		};
		235DC8B62B6DC1DA00D5AF4F /* Products */ = {
			isa = PBXGroup;
			children = (
				235DC8B52B6DC1DA00D5AF4F /* FFMI Calculator.app */,
			);
			name = Products;
			sourceTree = "<group>";
		};
		235DC8B72B6DC1DA00D5AF4F /* FFMI Calculator */ = {
			isa = PBXGroup;
			children = (
				235DC8B82B6DC1DA00D5AF4F /* AppDelegate.swift */,
				235DC8BA2B6DC1DA00D5AF4F /* SceneDelegate.swift */,
				235CEC622B6F244D00F8353E /* Model */,
				235DC8CC2B6DC25200D5AF4F /* Controllers */,
				235DC8CD2B6DC27600D5AF4F /* Views */,
				235DC8C12B6DC1DB00D5AF4F /* Assets.xcassets */,
				235DC8C32B6DC1DB00D5AF4F /* LaunchScreen.storyboard */,
				235DC8C62B6DC1DB00D5AF4F /* Info.plist */,
			);
			path = "FFMI Calculator";
			sourceTree = "<group>";
		};
		235DC8CC2B6DC25200D5AF4F /* Controllers */ = {
			isa = PBXGroup;
			children = (
				235DC8BC2B6DC1DA00D5AF4F /* MeasureViewController.swift */,
				235CEC5E2B6F22F300F8353E /* TrendsViewController.swift */,
				235CEC602B6F233800F8353E /* MethodologyViewController.swift */,
			);
			path = Controllers;
			sourceTree = "<group>";
		};
		235DC8CD2B6DC27600D5AF4F /* Views */ = {
			isa = PBXGroup;
			children = (
				235DC8BE2B6DC1DA00D5AF4F /* Main.storyboard */,
			);
			path = Views;
			sourceTree = "<group>";
		};
/* End PBXGroup section */

/* Begin PBXNativeTarget section */
		235DC8B42B6DC1DA00D5AF4F /* FFMI Calculator */ = {
			isa = PBXNativeTarget;
			buildConfigurationList = 235DC8C92B6DC1DB00D5AF4F /* Build configuration list for PBXNativeTarget "FFMI Calculator" */;
			buildPhases = (
				235DC8B12B6DC1DA00D5AF4F /* Sources */,
				235DC8B22B6DC1DA00D5AF4F /* Frameworks */,
				235DC8B32B6DC1DA00D5AF4F /* Resources */,
			);
			buildRules = (
			);
			dependencies = (
			);
			name = "FFMI Calculator";
			packageProductDependencies = (
				235415D92B75C6B8006330B0 /* IQKeyboardManagerSwift */,
				2384547A2B7859EC00F86F49 /* Realm */,
				2384547C2B7859EC00F86F49 /* RealmSwift */,
				232D58E72B7ADB1300E690B0 /* DGCharts */,
				232D58E92B7ADB1300E690B0 /* DGChartsDynamic */,
				2300BBC82B7E94EC00C3148A /* SkyFloatingLabelTextField */,
			);
			productName = "FFMI Calculator";
			productReference = 235DC8B52B6DC1DA00D5AF4F /* FFMI Calculator.app */;
			productType = "com.apple.product-type.application";
		};
/* End PBXNativeTarget section */

/* Begin PBXProject section */
		235DC8AD2B6DC1DA00D5AF4F /* Project object */ = {
			isa = PBXProject;
			attributes = {
				BuildIndependentTargetsInParallel = 1;
				LastSwiftUpdateCheck = 1520;
				LastUpgradeCheck = 1520;
				TargetAttributes = {
					235DC8B42B6DC1DA00D5AF4F = {
						CreatedOnToolsVersion = 15.2;
					};
				};
			};
			buildConfigurationList = 235DC8B02B6DC1DA00D5AF4F /* Build configuration list for PBXProject "FFMI Calculator" */;
			compatibilityVersion = "Xcode 14.0";
			developmentRegion = en;
			hasScannedForEncodings = 0;
			knownRegions = (
				en,
				Base,
			);
			mainGroup = 235DC8AC2B6DC1DA00D5AF4F;
			packageReferences = (
				235415D82B75C6B8006330B0 /* XCRemoteSwiftPackageReference "IQKeyboardManager" */,
				238454792B7859EC00F86F49 /* XCRemoteSwiftPackageReference "realm-swift" */,
				232D58E62B7ADB1300E690B0 /* XCRemoteSwiftPackageReference "Charts" */,
				2300BBC72B7E94EB00C3148A /* XCRemoteSwiftPackageReference "SkyFloatingLabelTextField" */,
			);
			productRefGroup = 235DC8B62B6DC1DA00D5AF4F /* Products */;
			projectDirPath = "";
			projectRoot = "";
			targets = (
				235DC8B42B6DC1DA00D5AF4F /* FFMI Calculator */,
			);
		};
/* End PBXProject section */

/* Begin PBXResourcesBuildPhase section */
		235DC8B32B6DC1DA00D5AF4F /* Resources */ = {
			isa = PBXResourcesBuildPhase;
			buildActionMask = 2147483647;
			files = (
				235DC8C52B6DC1DB00D5AF4F /* LaunchScreen.storyboard in Resources */,
				235DC8C22B6DC1DB00D5AF4F /* Assets.xcassets in Resources */,
				235DC8C02B6DC1DA00D5AF4F /* Main.storyboard in Resources */,
			);
			runOnlyForDeploymentPostprocessing = 0;
		};
/* End PBXResourcesBuildPhase section */

/* Begin PBXSourcesBuildPhase section */
		235DC8B12B6DC1DA00D5AF4F /* Sources */ = {
			isa = PBXSourcesBuildPhase;
			buildActionMask = 2147483647;
			files = (
				235CEC5F2B6F22F300F8353E /* TrendsViewController.swift in Sources */,
				235DC8BD2B6DC1DA00D5AF4F /* MeasureViewController.swift in Sources */,
				2300BBC62B7E92B900C3148A /* FloatingLabelInput.swift in Sources */,
				2384547F2B785ACA00F86F49 /* UserData.swift in Sources */,
				235DC8B92B6DC1DA00D5AF4F /* AppDelegate.swift in Sources */,
				235CEC642B6F246C00F8353E /* K.swift in Sources */,
				235DC8BB2B6DC1DA00D5AF4F /* SceneDelegate.swift in Sources */,
				235CEC612B6F233800F8353E /* MethodologyViewController.swift in Sources */,
				23EBCA512B716E8F00E74F8E /* CalculatorModel.swift in Sources */,
			);
			runOnlyForDeploymentPostprocessing = 0;
		};
/* End PBXSourcesBuildPhase section */

/* Begin PBXVariantGroup section */
		235DC8BE2B6DC1DA00D5AF4F /* Main.storyboard */ = {
			isa = PBXVariantGroup;
			children = (
				235DC8BF2B6DC1DA00D5AF4F /* Base */,
			);
			name = Main.storyboard;
			sourceTree = "<group>";
		};
		235DC8C32B6DC1DB00D5AF4F /* LaunchScreen.storyboard */ = {
			isa = PBXVariantGroup;
			children = (
				235DC8C42B6DC1DB00D5AF4F /* Base */,
			);
			name = LaunchScreen.storyboard;
			sourceTree = "<group>";
		};
/* End PBXVariantGroup section */

/* Begin XCBuildConfiguration section */
		235DC8C72B6DC1DB00D5AF4F /* Debug */ = {
			isa = XCBuildConfiguration;
			buildSettings = {
				ALWAYS_SEARCH_USER_PATHS = NO;
				ASSETCATALOG_COMPILER_GENERATE_SWIFT_ASSET_SYMBOL_EXTENSIONS = YES;
				CLANG_ANALYZER_NONNULL = YES;
				CLANG_ANALYZER_NUMBER_OBJECT_CONVERSION = YES_AGGRESSIVE;
				CLANG_CXX_LANGUAGE_STANDARD = "gnu++20";
				CLANG_ENABLE_MODULES = YES;
				CLANG_ENABLE_OBJC_ARC = YES;
				CLANG_ENABLE_OBJC_WEAK = YES;
				CLANG_WARN_BLOCK_CAPTURE_AUTORELEASING = YES;
				CLANG_WARN_BOOL_CONVERSION = YES;
				CLANG_WARN_COMMA = YES;
				CLANG_WARN_CONSTANT_CONVERSION = YES;
				CLANG_WARN_DEPRECATED_OBJC_IMPLEMENTATIONS = YES;
				CLANG_WARN_DIRECT_OBJC_ISA_USAGE = YES_ERROR;
				CLANG_WARN_DOCUMENTATION_COMMENTS = YES;
				CLANG_WARN_EMPTY_BODY = YES;
				CLANG_WARN_ENUM_CONVERSION = YES;
				CLANG_WARN_INFINITE_RECURSION = YES;
				CLANG_WARN_INT_CONVERSION = YES;
				CLANG_WARN_NON_LITERAL_NULL_CONVERSION = YES;
				CLANG_WARN_OBJC_IMPLICIT_RETAIN_SELF = YES;
				CLANG_WARN_OBJC_LITERAL_CONVERSION = YES;
				CLANG_WARN_OBJC_ROOT_CLASS = YES_ERROR;
				CLANG_WARN_QUOTED_INCLUDE_IN_FRAMEWORK_HEADER = YES;
				CLANG_WARN_RANGE_LOOP_ANALYSIS = YES;
				CLANG_WARN_STRICT_PROTOTYPES = YES;
				CLANG_WARN_SUSPICIOUS_MOVE = YES;
				CLANG_WARN_UNGUARDED_AVAILABILITY = YES_AGGRESSIVE;
				CLANG_WARN_UNREACHABLE_CODE = YES;
				CLANG_WARN__DUPLICATE_METHOD_MATCH = YES;
				COPY_PHASE_STRIP = NO;
				DEBUG_INFORMATION_FORMAT = dwarf;
				ENABLE_STRICT_OBJC_MSGSEND = YES;
				ENABLE_TESTABILITY = YES;
				ENABLE_USER_SCRIPT_SANDBOXING = YES;
				GCC_C_LANGUAGE_STANDARD = gnu17;
				GCC_DYNAMIC_NO_PIC = NO;
				GCC_NO_COMMON_BLOCKS = YES;
				GCC_OPTIMIZATION_LEVEL = 0;
				GCC_PREPROCESSOR_DEFINITIONS = (
					"DEBUG=1",
					"$(inherited)",
				);
				GCC_WARN_64_TO_32_BIT_CONVERSION = YES;
				GCC_WARN_ABOUT_RETURN_TYPE = YES_ERROR;
				GCC_WARN_UNDECLARED_SELECTOR = YES;
				GCC_WARN_UNINITIALIZED_AUTOS = YES_AGGRESSIVE;
				GCC_WARN_UNUSED_FUNCTION = YES;
				GCC_WARN_UNUSED_VARIABLE = YES;
				IPHONEOS_DEPLOYMENT_TARGET = 17.2;
				LOCALIZATION_PREFERS_STRING_CATALOGS = YES;
				MTL_ENABLE_DEBUG_INFO = INCLUDE_SOURCE;
				MTL_FAST_MATH = YES;
				ONLY_ACTIVE_ARCH = YES;
				SDKROOT = iphoneos;
				SWIFT_ACTIVE_COMPILATION_CONDITIONS = "DEBUG $(inherited)";
				SWIFT_OPTIMIZATION_LEVEL = "-Onone";
			};
			name = Debug;
		};
		235DC8C82B6DC1DB00D5AF4F /* Release */ = {
			isa = XCBuildConfiguration;
			buildSettings = {
				ALWAYS_SEARCH_USER_PATHS = NO;
				ASSETCATALOG_COMPILER_GENERATE_SWIFT_ASSET_SYMBOL_EXTENSIONS = YES;
				CLANG_ANALYZER_NONNULL = YES;
				CLANG_ANALYZER_NUMBER_OBJECT_CONVERSION = YES_AGGRESSIVE;
				CLANG_CXX_LANGUAGE_STANDARD = "gnu++20";
				CLANG_ENABLE_MODULES = YES;
				CLANG_ENABLE_OBJC_ARC = YES;
				CLANG_ENABLE_OBJC_WEAK = YES;
				CLANG_WARN_BLOCK_CAPTURE_AUTORELEASING = YES;
				CLANG_WARN_BOOL_CONVERSION = YES;
				CLANG_WARN_COMMA = YES;
				CLANG_WARN_CONSTANT_CONVERSION = YES;
				CLANG_WARN_DEPRECATED_OBJC_IMPLEMENTATIONS = YES;
				CLANG_WARN_DIRECT_OBJC_ISA_USAGE = YES_ERROR;
				CLANG_WARN_DOCUMENTATION_COMMENTS = YES;
				CLANG_WARN_EMPTY_BODY = YES;
				CLANG_WARN_ENUM_CONVERSION = YES;
				CLANG_WARN_INFINITE_RECURSION = YES;
				CLANG_WARN_INT_CONVERSION = YES;
				CLANG_WARN_NON_LITERAL_NULL_CONVERSION = YES;
				CLANG_WARN_OBJC_IMPLICIT_RETAIN_SELF = YES;
				CLANG_WARN_OBJC_LITERAL_CONVERSION = YES;
				CLANG_WARN_OBJC_ROOT_CLASS = YES_ERROR;
				CLANG_WARN_QUOTED_INCLUDE_IN_FRAMEWORK_HEADER = YES;
				CLANG_WARN_RANGE_LOOP_ANALYSIS = YES;
				CLANG_WARN_STRICT_PROTOTYPES = YES;
				CLANG_WARN_SUSPICIOUS_MOVE = YES;
				CLANG_WARN_UNGUARDED_AVAILABILITY = YES_AGGRESSIVE;
				CLANG_WARN_UNREACHABLE_CODE = YES;
				CLANG_WARN__DUPLICATE_METHOD_MATCH = YES;
				COPY_PHASE_STRIP = NO;
				DEBUG_INFORMATION_FORMAT = "dwarf-with-dsym";
				ENABLE_NS_ASSERTIONS = NO;
				ENABLE_STRICT_OBJC_MSGSEND = YES;
				ENABLE_USER_SCRIPT_SANDBOXING = YES;
				GCC_C_LANGUAGE_STANDARD = gnu17;
				GCC_NO_COMMON_BLOCKS = YES;
				GCC_WARN_64_TO_32_BIT_CONVERSION = YES;
				GCC_WARN_ABOUT_RETURN_TYPE = YES_ERROR;
				GCC_WARN_UNDECLARED_SELECTOR = YES;
				GCC_WARN_UNINITIALIZED_AUTOS = YES_AGGRESSIVE;
				GCC_WARN_UNUSED_FUNCTION = YES;
				GCC_WARN_UNUSED_VARIABLE = YES;
				IPHONEOS_DEPLOYMENT_TARGET = 17.2;
				LOCALIZATION_PREFERS_STRING_CATALOGS = YES;
				MTL_ENABLE_DEBUG_INFO = NO;
				MTL_FAST_MATH = YES;
				SDKROOT = iphoneos;
				SWIFT_COMPILATION_MODE = wholemodule;
				VALIDATE_PRODUCT = YES;
			};
			name = Release;
		};
		235DC8CA2B6DC1DB00D5AF4F /* Debug */ = {
			isa = XCBuildConfiguration;
			buildSettings = {
				ASSETCATALOG_COMPILER_APPICON_NAME = AppIcon;
				ASSETCATALOG_COMPILER_GLOBAL_ACCENT_COLOR_NAME = AccentColor;
				CODE_SIGN_STYLE = Automatic;
				CURRENT_PROJECT_VERSION = 1;
				GENERATE_INFOPLIST_FILE = YES;
				INFOPLIST_FILE = "FFMI Calculator/Info.plist";
				INFOPLIST_KEY_LSApplicationCategoryType = "public.app-category.lifestyle";
				INFOPLIST_KEY_UIApplicationSupportsIndirectInputEvents = YES;
				INFOPLIST_KEY_UILaunchStoryboardName = LaunchScreen;
				INFOPLIST_KEY_UIMainStoryboardFile = Main;
				INFOPLIST_KEY_UIStatusBarStyle = "";
				INFOPLIST_KEY_UISupportedInterfaceOrientations = UIInterfaceOrientationPortrait;
				IPHONEOS_DEPLOYMENT_TARGET = 13.0;
				LD_RUNPATH_SEARCH_PATHS = (
					"$(inherited)",
					"@executable_path/Frameworks",
				);
				MARKETING_VERSION = 1.0;
				PRODUCT_BUNDLE_IDENTIFIER = "com.theGrainsFactory.FFMI-Calculator";
				PRODUCT_NAME = "$(TARGET_NAME)";
				SWIFT_EMIT_LOC_STRINGS = YES;
				SWIFT_VERSION = 5.0;
				TARGETED_DEVICE_FAMILY = "1,2";
			};
			name = Debug;
		};
		235DC8CB2B6DC1DB00D5AF4F /* Release */ = {
			isa = XCBuildConfiguration;
			buildSettings = {
				ASSETCATALOG_COMPILER_APPICON_NAME = AppIcon;
				ASSETCATALOG_COMPILER_GLOBAL_ACCENT_COLOR_NAME = AccentColor;
				CODE_SIGN_STYLE = Automatic;
				CURRENT_PROJECT_VERSION = 1;
				GENERATE_INFOPLIST_FILE = YES;
				INFOPLIST_FILE = "FFMI Calculator/Info.plist";
				INFOPLIST_KEY_LSApplicationCategoryType = "public.app-category.lifestyle";
				INFOPLIST_KEY_UIApplicationSupportsIndirectInputEvents = YES;
				INFOPLIST_KEY_UILaunchStoryboardName = LaunchScreen;
				INFOPLIST_KEY_UIMainStoryboardFile = Main;
				INFOPLIST_KEY_UIStatusBarStyle = "";
				INFOPLIST_KEY_UISupportedInterfaceOrientations = UIInterfaceOrientationPortrait;
				IPHONEOS_DEPLOYMENT_TARGET = 13.0;
				LD_RUNPATH_SEARCH_PATHS = (
					"$(inherited)",
					"@executable_path/Frameworks",
				);
				MARKETING_VERSION = 1.0;
				PRODUCT_BUNDLE_IDENTIFIER = "com.theGrainsFactory.FFMI-Calculator";
				PRODUCT_NAME = "$(TARGET_NAME)";
				SWIFT_EMIT_LOC_STRINGS = YES;
				SWIFT_VERSION = 5.0;
				TARGETED_DEVICE_FAMILY = "1,2";
			};
			name = Release;
		};
/* End XCBuildConfiguration section */

/* Begin XCConfigurationList section */
		235DC8B02B6DC1DA00D5AF4F /* Build configuration list for PBXProject "FFMI Calculator" */ = {
			isa = XCConfigurationList;
			buildConfigurations = (
				235DC8C72B6DC1DB00D5AF4F /* Debug */,
				235DC8C82B6DC1DB00D5AF4F /* Release */,
			);
			defaultConfigurationIsVisible = 0;
			defaultConfigurationName = Release;
		};
		235DC8C92B6DC1DB00D5AF4F /* Build configuration list for PBXNativeTarget "FFMI Calculator" */ = {
			isa = XCConfigurationList;
			buildConfigurations = (
				235DC8CA2B6DC1DB00D5AF4F /* Debug */,
				235DC8CB2B6DC1DB00D5AF4F /* Release */,
			);
			defaultConfigurationIsVisible = 0;
			defaultConfigurationName = Release;
		};
/* End XCConfigurationList section */

/* Begin XCRemoteSwiftPackageReference section */
		2300BBC72B7E94EB00C3148A /* XCRemoteSwiftPackageReference "SkyFloatingLabelTextField" */ = {
			isa = XCRemoteSwiftPackageReference;
			repositoryURL = "https://github.com/Skyscanner/SkyFloatingLabelTextField.git";
			requirement = {
				kind = upToNextMajorVersion;
				minimumVersion = 4.0.0;
			};
		};
		232D58E62B7ADB1300E690B0 /* XCRemoteSwiftPackageReference "Charts" */ = {
			isa = XCRemoteSwiftPackageReference;
			repositoryURL = "https://github.com/danielgindi/Charts.git";
			requirement = {
				kind = upToNextMajorVersion;
				minimumVersion = 5.0.0;
			};
		};
		235415D82B75C6B8006330B0 /* XCRemoteSwiftPackageReference "IQKeyboardManager" */ = {
			isa = XCRemoteSwiftPackageReference;
			repositoryURL = "https://github.com/hackiftekhar/IQKeyboardManager";
			requirement = {
				kind = upToNextMajorVersion;
				minimumVersion = 7.0.1;
			};
		};
		238454792B7859EC00F86F49 /* XCRemoteSwiftPackageReference "realm-swift" */ = {
			isa = XCRemoteSwiftPackageReference;
			repositoryURL = "https://github.com/realm/realm-swift.git";
			requirement = {
				kind = upToNextMajorVersion;
				minimumVersion = 10.46.0;
			};
		};
/* End XCRemoteSwiftPackageReference section */

/* Begin XCSwiftPackageProductDependency section */
		2300BBC82B7E94EC00C3148A /* SkyFloatingLabelTextField */ = {
			isa = XCSwiftPackageProductDependency;
			package = 2300BBC72B7E94EB00C3148A /* XCRemoteSwiftPackageReference "SkyFloatingLabelTextField" */;
			productName = SkyFloatingLabelTextField;
		};
		232D58E72B7ADB1300E690B0 /* DGCharts */ = {
			isa = XCSwiftPackageProductDependency;
			package = 232D58E62B7ADB1300E690B0 /* XCRemoteSwiftPackageReference "Charts" */;
			productName = DGCharts;
		};
		232D58E92B7ADB1300E690B0 /* DGChartsDynamic */ = {
			isa = XCSwiftPackageProductDependency;
			package = 232D58E62B7ADB1300E690B0 /* XCRemoteSwiftPackageReference "Charts" */;
			productName = DGChartsDynamic;
		};
		235415D92B75C6B8006330B0 /* IQKeyboardManagerSwift */ = {
			isa = XCSwiftPackageProductDependency;
			package = 235415D82B75C6B8006330B0 /* XCRemoteSwiftPackageReference "IQKeyboardManager" */;
			productName = IQKeyboardManagerSwift;
		};
		2384547A2B7859EC00F86F49 /* Realm */ = {
			isa = XCSwiftPackageProductDependency;
			package = 238454792B7859EC00F86F49 /* XCRemoteSwiftPackageReference "realm-swift" */;
			productName = Realm;
		};
		2384547C2B7859EC00F86F49 /* RealmSwift */ = {
			isa = XCSwiftPackageProductDependency;
			package = 238454792B7859EC00F86F49 /* XCRemoteSwiftPackageReference "realm-swift" */;
			productName = RealmSwift;
		};
/* End XCSwiftPackageProductDependency section */
	};
	rootObject = 235DC8AD2B6DC1DA00D5AF4F /* Project object */;
}
